// !$*UTF8*$!
{
	archiveVersion = 1;
	classes = {
	};
	objectVersion = 46;
	objects = {

/* Begin PBXBuildFile section */
		4A08812F1C271CEF004E9558 /* TableViewCell.swift in Sources */ = {isa = PBXBuildFile; fileRef = 4A08812E1C271CEF004E9558 /* TableViewCell.swift */; };
		4A35B81A1B72FF2000D4AB28 /* Extensions.swift in Sources */ = {isa = PBXBuildFile; fileRef = 4A35B8191B72FF2000D4AB28 /* Extensions.swift */; };
		4A45FEDC1A6B53FB00C5DFDF /* MovesViewController.swift in Sources */ = {isa = PBXBuildFile; fileRef = 4A45FEDB1A6B53FB00C5DFDF /* MovesViewController.swift */; };
		4A5D56C61C2119E400EB68D6 /* EditMoveViewController.swift in Sources */ = {isa = PBXBuildFile; fileRef = 4A5D56C51C2119E400EB68D6 /* EditMoveViewController.swift */; };
		4A5D56C81C211C8100EB68D6 /* button.wav in Resources */ = {isa = PBXBuildFile; fileRef = 4A5D56C71C211C8000EB68D6 /* button.wav */; };
		4A937F6E1D11760E00317984 /* AVFoundation.framework in Frameworks */ = {isa = PBXBuildFile; fileRef = 4AABB7CB1A68B84A00D60A35 /* AVFoundation.framework */; };
		4A937F6F1D11761B00317984 /* HealthKit.framework in Frameworks */ = {isa = PBXBuildFile; fileRef = 4AC9E9D21C35B8BA00D7EEC2 /* HealthKit.framework */; };
		4A937F771D1178C000317984 /* RandomWorkoutUITests.swift in Sources */ = {isa = PBXBuildFile; fileRef = 4A937F761D1178C000317984 /* RandomWorkoutUITests.swift */; };
		4A937F7E1D118F3300317984 /* AVFoundation.framework in Frameworks */ = {isa = PBXBuildFile; fileRef = 4AABB7CB1A68B84A00D60A35 /* AVFoundation.framework */; };
		4A937F7F1D118F4000317984 /* HealthKit.framework in Frameworks */ = {isa = PBXBuildFile; fileRef = 4AC9E9D21C35B8BA00D7EEC2 /* HealthKit.framework */; };
		4A9EF0C61B93888400D5A72D /* Tag.swift in Sources */ = {isa = PBXBuildFile; fileRef = 4A9EF0C51B93888400D5A72D /* Tag.swift */; };
		4A9FAFE41C4ADE5700028CF1 /* Workout.swift in Sources */ = {isa = PBXBuildFile; fileRef = 4A9FAFE31C4ADE5700028CF1 /* Workout.swift */; };
		4AA871621C4186A800A7D72F /* Tags.storyboard in Resources */ = {isa = PBXBuildFile; fileRef = 4AA871601C4186A800A7D72F /* Tags.storyboard */; };
		4ABE67BE1A520A16000024ED /* AppDelegate.swift in Sources */ = {isa = PBXBuildFile; fileRef = 4ABE67BD1A520A16000024ED /* AppDelegate.swift */; };
		4ABE67C01A520A16000024ED /* SetupViewController.swift in Sources */ = {isa = PBXBuildFile; fileRef = 4ABE67BF1A520A16000024ED /* SetupViewController.swift */; };
		4ABE67C51A520A16000024ED /* Main.storyboard in Resources */ = {isa = PBXBuildFile; fileRef = 4ABE67C31A520A16000024ED /* Main.storyboard */; };
		4ABE67C71A520A16000024ED /* Images.xcassets in Resources */ = {isa = PBXBuildFile; fileRef = 4ABE67C61A520A16000024ED /* Images.xcassets */; };
		4ABE67CA1A520A16000024ED /* LaunchScreen.xib in Resources */ = {isa = PBXBuildFile; fileRef = 4ABE67C81A520A16000024ED /* LaunchScreen.xib */; };
		4ABE67D61A520A16000024ED /* RandomWorkoutTests.swift in Sources */ = {isa = PBXBuildFile; fileRef = 4ABE67D51A520A16000024ED /* RandomWorkoutTests.swift */; };
		4ABE67E11A520D6F000024ED /* Move.swift in Sources */ = {isa = PBXBuildFile; fileRef = 4ABE67E01A520D6F000024ED /* Move.swift */; };
		4ABE67E31A5227D3000024ED /* WorkoutViewController.swift in Sources */ = {isa = PBXBuildFile; fileRef = 4ABE67E21A5227D3000024ED /* WorkoutViewController.swift */; };
		4ABE67E51A538E8F000024ED /* Helpers.swift in Sources */ = {isa = PBXBuildFile; fileRef = 4ABE67E41A538E8F000024ED /* Helpers.swift */; };
		4ABE67EC1A54CEAD000024ED /* beep.wav in Resources */ = {isa = PBXBuildFile; fileRef = 4ABE67EB1A54CEAD000024ED /* beep.wav */; };
		4AC9E9D51C35BAE700D7EEC2 /* HealthKitHelper.swift in Sources */ = {isa = PBXBuildFile; fileRef = 4AC9E9D41C35BAE700D7EEC2 /* HealthKitHelper.swift */; };
		4AC9E9D71C37210600D7EEC2 /* EditTagsViewController.swift in Sources */ = {isa = PBXBuildFile; fileRef = 4AC9E9D61C37210600D7EEC2 /* EditTagsViewController.swift */; };
/* End PBXBuildFile section */

/* Begin PBXContainerItemProxy section */
		4A937F791D1178C000317984 /* PBXContainerItemProxy */ = {
			isa = PBXContainerItemProxy;
			containerPortal = 4ABE67B01A520A16000024ED /* Project object */;
			proxyType = 1;
			remoteGlobalIDString = 4ABE67B71A520A16000024ED;
			remoteInfo = RandomWorkout;
		};
		4ABE67D01A520A16000024ED /* PBXContainerItemProxy */ = {
			isa = PBXContainerItemProxy;
			containerPortal = 4ABE67B01A520A16000024ED /* Project object */;
			proxyType = 1;
			remoteGlobalIDString = 4ABE67B71A520A16000024ED;
			remoteInfo = RandomWorkout;
		};
/* End PBXContainerItemProxy section */

/* Begin PBXFileReference section */
		4A08812E1C271CEF004E9558 /* TableViewCell.swift */ = {isa = PBXFileReference; fileEncoding = 4; lastKnownFileType = sourcecode.swift; path = TableViewCell.swift; sourceTree = "<group>"; };
		4A35B8191B72FF2000D4AB28 /* Extensions.swift */ = {isa = PBXFileReference; fileEncoding = 4; lastKnownFileType = sourcecode.swift; path = Extensions.swift; sourceTree = "<group>"; };
		4A45FEDB1A6B53FB00C5DFDF /* MovesViewController.swift */ = {isa = PBXFileReference; fileEncoding = 4; lastKnownFileType = sourcecode.swift; path = MovesViewController.swift; sourceTree = "<group>"; };
		4A5D56C51C2119E400EB68D6 /* EditMoveViewController.swift */ = {isa = PBXFileReference; fileEncoding = 4; lastKnownFileType = sourcecode.swift; path = EditMoveViewController.swift; sourceTree = "<group>"; };
		4A5D56C71C211C8000EB68D6 /* button.wav */ = {isa = PBXFileReference; lastKnownFileType = audio.wav; path = button.wav; sourceTree = "<group>"; };
		4A937F741D1178BF00317984 /* RandomWorkoutUITests.xctest */ = {isa = PBXFileReference; explicitFileType = wrapper.cfbundle; includeInIndex = 0; path = RandomWorkoutUITests.xctest; sourceTree = BUILT_PRODUCTS_DIR; };
		4A937F761D1178C000317984 /* RandomWorkoutUITests.swift */ = {isa = PBXFileReference; lastKnownFileType = sourcecode.swift; path = RandomWorkoutUITests.swift; sourceTree = "<group>"; };
		4A937F781D1178C000317984 /* Info.plist */ = {isa = PBXFileReference; lastKnownFileType = text.plist.xml; path = Info.plist; sourceTree = "<group>"; };
		4A9EF0C51B93888400D5A72D /* Tag.swift */ = {isa = PBXFileReference; fileEncoding = 4; lastKnownFileType = sourcecode.swift; path = Tag.swift; sourceTree = "<group>"; };
		4A9FAFE31C4ADE5700028CF1 /* Workout.swift */ = {isa = PBXFileReference; fileEncoding = 4; lastKnownFileType = sourcecode.swift; path = Workout.swift; sourceTree = "<group>"; };
		4AA871611C4186A800A7D72F /* Base */ = {isa = PBXFileReference; lastKnownFileType = file.storyboard; name = Base; path = Base.lproj/Tags.storyboard; sourceTree = "<group>"; };
		4AABB7CB1A68B84A00D60A35 /* AVFoundation.framework */ = {isa = PBXFileReference; lastKnownFileType = wrapper.framework; name = AVFoundation.framework; path = System/Library/Frameworks/AVFoundation.framework; sourceTree = SDKROOT; };
		4ABE67B81A520A16000024ED /* RandomWorkout.app */ = {isa = PBXFileReference; explicitFileType = wrapper.application; includeInIndex = 0; path = RandomWorkout.app; sourceTree = BUILT_PRODUCTS_DIR; };
		4ABE67BC1A520A16000024ED /* Info.plist */ = {isa = PBXFileReference; lastKnownFileType = text.plist.xml; path = Info.plist; sourceTree = "<group>"; };
		4ABE67BD1A520A16000024ED /* AppDelegate.swift */ = {isa = PBXFileReference; lastKnownFileType = sourcecode.swift; path = AppDelegate.swift; sourceTree = "<group>"; };
		4ABE67BF1A520A16000024ED /* SetupViewController.swift */ = {isa = PBXFileReference; lastKnownFileType = sourcecode.swift; path = SetupViewController.swift; sourceTree = "<group>"; };
		4ABE67C41A520A16000024ED /* Base */ = {isa = PBXFileReference; lastKnownFileType = file.storyboard; name = Base; path = Base.lproj/Main.storyboard; sourceTree = "<group>"; };
		4ABE67C61A520A16000024ED /* Images.xcassets */ = {isa = PBXFileReference; lastKnownFileType = folder.assetcatalog; path = Images.xcassets; sourceTree = "<group>"; };
		4ABE67C91A520A16000024ED /* Base */ = {isa = PBXFileReference; lastKnownFileType = file.xib; name = Base; path = Base.lproj/LaunchScreen.xib; sourceTree = "<group>"; };
		4ABE67CF1A520A16000024ED /* RandomWorkoutTests.xctest */ = {isa = PBXFileReference; explicitFileType = wrapper.cfbundle; includeInIndex = 0; path = RandomWorkoutTests.xctest; sourceTree = BUILT_PRODUCTS_DIR; };
		4ABE67D41A520A16000024ED /* Info.plist */ = {isa = PBXFileReference; lastKnownFileType = text.plist.xml; path = Info.plist; sourceTree = "<group>"; };
		4ABE67D51A520A16000024ED /* RandomWorkoutTests.swift */ = {isa = PBXFileReference; lastKnownFileType = sourcecode.swift; path = RandomWorkoutTests.swift; sourceTree = "<group>"; };
		4ABE67E01A520D6F000024ED /* Move.swift */ = {isa = PBXFileReference; fileEncoding = 4; lastKnownFileType = sourcecode.swift; path = Move.swift; sourceTree = "<group>"; };
		4ABE67E21A5227D3000024ED /* WorkoutViewController.swift */ = {isa = PBXFileReference; fileEncoding = 4; lastKnownFileType = sourcecode.swift; path = WorkoutViewController.swift; sourceTree = "<group>"; };
		4ABE67E41A538E8F000024ED /* Helpers.swift */ = {isa = PBXFileReference; fileEncoding = 4; lastKnownFileType = sourcecode.swift; path = Helpers.swift; sourceTree = "<group>"; };
		4ABE67EB1A54CEAD000024ED /* beep.wav */ = {isa = PBXFileReference; explicitFileType = audio.wav; path = beep.wav; sourceTree = "<group>"; };
		4AC9E9D11C35B8BA00D7EEC2 /* RandomWorkout.entitlements */ = {isa = PBXFileReference; lastKnownFileType = text.xml; path = RandomWorkout.entitlements; sourceTree = "<group>"; };
		4AC9E9D21C35B8BA00D7EEC2 /* HealthKit.framework */ = {isa = PBXFileReference; lastKnownFileType = wrapper.framework; name = HealthKit.framework; path = System/Library/Frameworks/HealthKit.framework; sourceTree = SDKROOT; };
		4AC9E9D41C35BAE700D7EEC2 /* HealthKitHelper.swift */ = {isa = PBXFileReference; fileEncoding = 4; lastKnownFileType = sourcecode.swift; path = HealthKitHelper.swift; sourceTree = "<group>"; };
		4AC9E9D61C37210600D7EEC2 /* EditTagsViewController.swift */ = {isa = PBXFileReference; fileEncoding = 4; lastKnownFileType = sourcecode.swift; path = EditTagsViewController.swift; sourceTree = "<group>"; };
/* End PBXFileReference section */

/* Begin PBXFrameworksBuildPhase section */
		4A937F711D1178BF00317984 /* Frameworks */ = {
			isa = PBXFrameworksBuildPhase;
			buildActionMask = 2147483647;
			files = (
				4A937F7F1D118F4000317984 /* HealthKit.framework in Frameworks */,
				4A937F7E1D118F3300317984 /* AVFoundation.framework in Frameworks */,
			);
			runOnlyForDeploymentPostprocessing = 0;
		};
		4ABE67B51A520A16000024ED /* Frameworks */ = {
			isa = PBXFrameworksBuildPhase;
			buildActionMask = 2147483647;
			files = (
				4A937F6F1D11761B00317984 /* HealthKit.framework in Frameworks */,
				4A937F6E1D11760E00317984 /* AVFoundation.framework in Frameworks */,
			);
			runOnlyForDeploymentPostprocessing = 0;
		};
		4ABE67CC1A520A16000024ED /* Frameworks */ = {
			isa = PBXFrameworksBuildPhase;
			buildActionMask = 2147483647;
			files = (
			);
			runOnlyForDeploymentPostprocessing = 0;
		};
/* End PBXFrameworksBuildPhase section */

/* Begin PBXGroup section */
		4A1E88C31B3738A8009D18B1 /* ViewControllers */ = {
			isa = PBXGroup;
			children = (
				4A5D56C51C2119E400EB68D6 /* EditMoveViewController.swift */,
				4ABE67BF1A520A16000024ED /* SetupViewController.swift */,
				4ABE67E21A5227D3000024ED /* WorkoutViewController.swift */,
				4A45FEDB1A6B53FB00C5DFDF /* MovesViewController.swift */,
				4A08812E1C271CEF004E9558 /* TableViewCell.swift */,
				4AC9E9D61C37210600D7EEC2 /* EditTagsViewController.swift */,
			);
			name = ViewControllers;
			sourceTree = "<group>";
		};
		4A937F751D1178C000317984 /* RandomWorkoutUITests */ = {
			isa = PBXGroup;
			children = (
				4A937F761D1178C000317984 /* RandomWorkoutUITests.swift */,
				4A937F781D1178C000317984 /* Info.plist */,
			);
			path = RandomWorkoutUITests;
			sourceTree = "<group>";
		};
		4AA871681C418E2100A7D72F /* Storyboards */ = {
			isa = PBXGroup;
			children = (
				4AA871601C4186A800A7D72F /* Tags.storyboard */,
				4ABE67C31A520A16000024ED /* Main.storyboard */,
			);
			name = Storyboards;
			path = ..;
			sourceTree = "<group>";
		};
		4AA871691C418E8F00A7D72F /* Helpers */ = {
			isa = PBXGroup;
			children = (
				4ABE67E41A538E8F000024ED /* Helpers.swift */,
				4A35B8191B72FF2000D4AB28 /* Extensions.swift */,
				4AC9E9D41C35BAE700D7EEC2 /* HealthKitHelper.swift */,
			);
			name = Helpers;
			sourceTree = "<group>";
		};
		4ABE67AF1A520A16000024ED = {
			isa = PBXGroup;
			children = (
				4AC9E9D21C35B8BA00D7EEC2 /* HealthKit.framework */,
				4AABB7CB1A68B84A00D60A35 /* AVFoundation.framework */,
				4ABE67BA1A520A16000024ED /* RandomWorkout */,
				4ABE67D21A520A16000024ED /* RandomWorkoutTests */,
				4A937F751D1178C000317984 /* RandomWorkoutUITests */,
				4ABE67B91A520A16000024ED /* Products */,
			);
			sourceTree = "<group>";
		};
		4ABE67B91A520A16000024ED /* Products */ = {
			isa = PBXGroup;
			children = (
				4ABE67B81A520A16000024ED /* RandomWorkout.app */,
				4ABE67CF1A520A16000024ED /* RandomWorkoutTests.xctest */,
				4A937F741D1178BF00317984 /* RandomWorkoutUITests.xctest */,
			);
			name = Products;
			sourceTree = "<group>";
		};
		4ABE67BA1A520A16000024ED /* RandomWorkout */ = {
			isa = PBXGroup;
			children = (
				4AA871691C418E8F00A7D72F /* Helpers */,
				4AA871681C418E2100A7D72F /* Storyboards */,
				4AC9E9D11C35B8BA00D7EEC2 /* RandomWorkout.entitlements */,
				4A1E88C31B3738A8009D18B1 /* ViewControllers */,
				4ABE67EA1A54CB29000024ED /* Assets */,
				4ABE67DF1A520D36000024ED /* GlobalClasses */,
				4ABE67BD1A520A16000024ED /* AppDelegate.swift */,
				4ABE67C61A520A16000024ED /* Images.xcassets */,
				4ABE67C81A520A16000024ED /* LaunchScreen.xib */,
				4ABE67BB1A520A16000024ED /* Supporting Files */,
			);
			path = RandomWorkout;
			sourceTree = "<group>";
		};
		4ABE67BB1A520A16000024ED /* Supporting Files */ = {
			isa = PBXGroup;
			children = (
				4ABE67BC1A520A16000024ED /* Info.plist */,
			);
			name = "Supporting Files";
			sourceTree = "<group>";
		};
		4ABE67D21A520A16000024ED /* RandomWorkoutTests */ = {
			isa = PBXGroup;
			children = (
				4ABE67D51A520A16000024ED /* RandomWorkoutTests.swift */,
				4ABE67D31A520A16000024ED /* Supporting Files */,
			);
			path = RandomWorkoutTests;
			sourceTree = "<group>";
		};
		4ABE67D31A520A16000024ED /* Supporting Files */ = {
			isa = PBXGroup;
			children = (
				4ABE67D41A520A16000024ED /* Info.plist */,
			);
			name = "Supporting Files";
			sourceTree = "<group>";
		};
		4ABE67DF1A520D36000024ED /* GlobalClasses */ = {
			isa = PBXGroup;
			children = (
				4ABE67E01A520D6F000024ED /* Move.swift */,
				4A9EF0C51B93888400D5A72D /* Tag.swift */,
				4A9FAFE31C4ADE5700028CF1 /* Workout.swift */,
			);
			name = GlobalClasses;
			sourceTree = "<group>";
		};
		4ABE67EA1A54CB29000024ED /* Assets */ = {
			isa = PBXGroup;
			children = (
				4A5D56C71C211C8000EB68D6 /* button.wav */,
				4ABE67EB1A54CEAD000024ED /* beep.wav */,
			);
			name = Assets;
			sourceTree = "<group>";
		};
/* End PBXGroup section */

/* Begin PBXNativeTarget section */
		4A937F731D1178BF00317984 /* RandomWorkoutUITests */ = {
			isa = PBXNativeTarget;
			buildConfigurationList = 4A937F7B1D1178C000317984 /* Build configuration list for PBXNativeTarget "RandomWorkoutUITests" */;
			buildPhases = (
				4A937F701D1178BF00317984 /* Sources */,
				4A937F711D1178BF00317984 /* Frameworks */,
				4A937F721D1178BF00317984 /* Resources */,
			);
			buildRules = (
			);
			dependencies = (
				4A937F7A1D1178C000317984 /* PBXTargetDependency */,
			);
			name = RandomWorkoutUITests;
			productName = RandomWorkoutUITests;
			productReference = 4A937F741D1178BF00317984 /* RandomWorkoutUITests.xctest */;
			productType = "com.apple.product-type.bundle.ui-testing";
		};
		4ABE67B71A520A16000024ED /* RandomWorkout */ = {
			isa = PBXNativeTarget;
			buildConfigurationList = 4ABE67D91A520A16000024ED /* Build configuration list for PBXNativeTarget "RandomWorkout" */;
			buildPhases = (
				4ABE67B41A520A16000024ED /* Sources */,
				4ABE67B51A520A16000024ED /* Frameworks */,
				4ABE67B61A520A16000024ED /* Resources */,
			);
			buildRules = (
			);
			dependencies = (
			);
			name = RandomWorkout;
			productName = RandomWorkout;
			productReference = 4ABE67B81A520A16000024ED /* RandomWorkout.app */;
			productType = "com.apple.product-type.application";
		};
		4ABE67CE1A520A16000024ED /* RandomWorkoutTests */ = {
			isa = PBXNativeTarget;
			buildConfigurationList = 4ABE67DC1A520A16000024ED /* Build configuration list for PBXNativeTarget "RandomWorkoutTests" */;
			buildPhases = (
				4ABE67CB1A520A16000024ED /* Sources */,
				4ABE67CC1A520A16000024ED /* Frameworks */,
				4ABE67CD1A520A16000024ED /* Resources */,
			);
			buildRules = (
			);
			dependencies = (
				4ABE67D11A520A16000024ED /* PBXTargetDependency */,
			);
			name = RandomWorkoutTests;
			productName = RandomWorkoutTests;
			productReference = 4ABE67CF1A520A16000024ED /* RandomWorkoutTests.xctest */;
			productType = "com.apple.product-type.bundle.unit-test";
		};
/* End PBXNativeTarget section */

/* Begin PBXProject section */
		4ABE67B01A520A16000024ED /* Project object */ = {
			isa = PBXProject;
			attributes = {
				LastSwiftMigration = 0710;
				LastSwiftUpdateCheck = 0730;
				LastUpgradeCheck = 0720;
				ORGANIZATIONNAME = Ginkgo;
				TargetAttributes = {
					4A937F731D1178BF00317984 = {
						CreatedOnToolsVersion = 7.3.1;
						TestTargetID = 4ABE67B71A520A16000024ED;
					};
					4ABE67B71A520A16000024ED = {
						CreatedOnToolsVersion = 6.1.1;
						DevelopmentTeam = TUD3E4WJFE;
						SystemCapabilities = {
							com.apple.HealthKit = {
								enabled = 1;
							};
						};
					};
					4ABE67CE1A520A16000024ED = {
						CreatedOnToolsVersion = 6.1.1;
						TestTargetID = 4ABE67B71A520A16000024ED;
					};
				};
			};
			buildConfigurationList = 4ABE67B31A520A16000024ED /* Build configuration list for PBXProject "RandomWorkout" */;
			compatibilityVersion = "Xcode 3.2";
			developmentRegion = English;
			hasScannedForEncodings = 0;
			knownRegions = (
				en,
				Base,
			);
			mainGroup = 4ABE67AF1A520A16000024ED;
			productRefGroup = 4ABE67B91A520A16000024ED /* Products */;
			projectDirPath = "";
			projectRoot = "";
			targets = (
				4ABE67B71A520A16000024ED /* RandomWorkout */,
				4ABE67CE1A520A16000024ED /* RandomWorkoutTests */,
				4A937F731D1178BF00317984 /* RandomWorkoutUITests */,
			);
		};
/* End PBXProject section */

/* Begin PBXResourcesBuildPhase section */
		4A937F721D1178BF00317984 /* Resources */ = {
			isa = PBXResourcesBuildPhase;
			buildActionMask = 2147483647;
			files = (
			);
			runOnlyForDeploymentPostprocessing = 0;
		};
		4ABE67B61A520A16000024ED /* Resources */ = {
			isa = PBXResourcesBuildPhase;
			buildActionMask = 2147483647;
			files = (
				4ABE67C51A520A16000024ED /* Main.storyboard in Resources */,
				4AA871621C4186A800A7D72F /* Tags.storyboard in Resources */,
				4A5D56C81C211C8100EB68D6 /* button.wav in Resources */,
				4ABE67CA1A520A16000024ED /* LaunchScreen.xib in Resources */,
				4ABE67C71A520A16000024ED /* Images.xcassets in Resources */,
				4ABE67EC1A54CEAD000024ED /* beep.wav in Resources */,
			);
			runOnlyForDeploymentPostprocessing = 0;
		};
		4ABE67CD1A520A16000024ED /* Resources */ = {
			isa = PBXResourcesBuildPhase;
			buildActionMask = 2147483647;
			files = (
			);
			runOnlyForDeploymentPostprocessing = 0;
		};
/* End PBXResourcesBuildPhase section */

/* Begin PBXSourcesBuildPhase section */
		4A937F701D1178BF00317984 /* Sources */ = {
			isa = PBXSourcesBuildPhase;
			buildActionMask = 2147483647;
			files = (
				4A937F771D1178C000317984 /* RandomWorkoutUITests.swift in Sources */,
			);
			runOnlyForDeploymentPostprocessing = 0;
		};
		4ABE67B41A520A16000024ED /* Sources */ = {
			isa = PBXSourcesBuildPhase;
			buildActionMask = 2147483647;
			files = (
				4A45FEDC1A6B53FB00C5DFDF /* MovesViewController.swift in Sources */,
				4A35B81A1B72FF2000D4AB28 /* Extensions.swift in Sources */,
				4ABE67E11A520D6F000024ED /* Move.swift in Sources */,
				4A9FAFE41C4ADE5700028CF1 /* Workout.swift in Sources */,
				4ABE67E51A538E8F000024ED /* Helpers.swift in Sources */,
				4ABE67E31A5227D3000024ED /* WorkoutViewController.swift in Sources */,
				4AC9E9D71C37210600D7EEC2 /* EditTagsViewController.swift in Sources */,
				4A5D56C61C2119E400EB68D6 /* EditMoveViewController.swift in Sources */,
				4A08812F1C271CEF004E9558 /* TableViewCell.swift in Sources */,
				4A9EF0C61B93888400D5A72D /* Tag.swift in Sources */,
				4ABE67BE1A520A16000024ED /* AppDelegate.swift in Sources */,
				4AC9E9D51C35BAE700D7EEC2 /* HealthKitHelper.swift in Sources */,
				4ABE67C01A520A16000024ED /* SetupViewController.swift in Sources */,
			);
			runOnlyForDeploymentPostprocessing = 0;
		};
		4ABE67CB1A520A16000024ED /* Sources */ = {
			isa = PBXSourcesBuildPhase;
			buildActionMask = 2147483647;
			files = (
				4ABE67D61A520A16000024ED /* RandomWorkoutTests.swift in Sources */,
			);
			runOnlyForDeploymentPostprocessing = 0;
		};
/* End PBXSourcesBuildPhase section */

/* Begin PBXTargetDependency section */
		4A937F7A1D1178C000317984 /* PBXTargetDependency */ = {
			isa = PBXTargetDependency;
			target = 4ABE67B71A520A16000024ED /* RandomWorkout */;
			targetProxy = 4A937F791D1178C000317984 /* PBXContainerItemProxy */;
		};
		4ABE67D11A520A16000024ED /* PBXTargetDependency */ = {
			isa = PBXTargetDependency;
			target = 4ABE67B71A520A16000024ED /* RandomWorkout */;
			targetProxy = 4ABE67D01A520A16000024ED /* PBXContainerItemProxy */;
		};
/* End PBXTargetDependency section */

/* Begin PBXVariantGroup section */
		4AA871601C4186A800A7D72F /* Tags.storyboard */ = {
			isa = PBXVariantGroup;
			children = (
				4AA871611C4186A800A7D72F /* Base */,
			);
			name = Tags.storyboard;
			path = RandomWorkout;
			sourceTree = "<group>";
		};
		4ABE67C31A520A16000024ED /* Main.storyboard */ = {
			isa = PBXVariantGroup;
			children = (
				4ABE67C41A520A16000024ED /* Base */,
			);
			name = Main.storyboard;
			path = RandomWorkout;
			sourceTree = "<group>";
		};
		4ABE67C81A520A16000024ED /* LaunchScreen.xib */ = {
			isa = PBXVariantGroup;
			children = (
				4ABE67C91A520A16000024ED /* Base */,
			);
			name = LaunchScreen.xib;
			sourceTree = "<group>";
		};
/* End PBXVariantGroup section */

/* Begin XCBuildConfiguration section */
		4A937F7C1D1178C000317984 /* Debug */ = {
			isa = XCBuildConfiguration;
			buildSettings = {
				ALWAYS_SEARCH_USER_PATHS = NO;
				CLANG_ANALYZER_NONNULL = YES;
				DEBUG_INFORMATION_FORMAT = dwarf;
				GCC_NO_COMMON_BLOCKS = YES;
				INFOPLIST_FILE = RandomWorkoutUITests/Info.plist;
				IPHONEOS_DEPLOYMENT_TARGET = 9.3;
				LD_RUNPATH_SEARCH_PATHS = "$(inherited) @executable_path/Frameworks @loader_path/Frameworks";
				PRODUCT_BUNDLE_IDENTIFIER = UITests.RandomWorkoutUITests;
				PRODUCT_NAME = "$(TARGET_NAME)";
				TEST_TARGET_NAME = RandomWorkout;
			};
			name = Debug;
		};
		4A937F7D1D1178C000317984 /* Release */ = {
			isa = XCBuildConfiguration;
			buildSettings = {
				ALWAYS_SEARCH_USER_PATHS = NO;
				CLANG_ANALYZER_NONNULL = YES;
				COPY_PHASE_STRIP = NO;
				DEBUG_INFORMATION_FORMAT = "dwarf-with-dsym";
				GCC_NO_COMMON_BLOCKS = YES;
				INFOPLIST_FILE = RandomWorkoutUITests/Info.plist;
				IPHONEOS_DEPLOYMENT_TARGET = 9.3;
				LD_RUNPATH_SEARCH_PATHS = "$(inherited) @executable_path/Frameworks @loader_path/Frameworks";
				PRODUCT_BUNDLE_IDENTIFIER = UITests.RandomWorkoutUITests;
				PRODUCT_NAME = "$(TARGET_NAME)";
				TEST_TARGET_NAME = RandomWorkout;
			};
			name = Release;
		};
		4ABE67D71A520A16000024ED /* Debug */ = {
			isa = XCBuildConfiguration;
			buildSettings = {
				ALWAYS_SEARCH_USER_PATHS = NO;
				CLANG_CXX_LANGUAGE_STANDARD = "gnu++0x";
				CLANG_CXX_LIBRARY = "libc++";
				CLANG_ENABLE_MODULES = YES;
				CLANG_ENABLE_OBJC_ARC = YES;
				CLANG_WARN_BOOL_CONVERSION = YES;
				CLANG_WARN_CONSTANT_CONVERSION = YES;
				CLANG_WARN_DIRECT_OBJC_ISA_USAGE = YES_ERROR;
				CLANG_WARN_EMPTY_BODY = YES;
				CLANG_WARN_ENUM_CONVERSION = YES;
				CLANG_WARN_INT_CONVERSION = YES;
				CLANG_WARN_OBJC_ROOT_CLASS = YES_ERROR;
				CLANG_WARN_UNREACHABLE_CODE = YES;
				CLANG_WARN__DUPLICATE_METHOD_MATCH = YES;
				"CODE_SIGN_IDENTITY[sdk=iphoneos*]" = "iPhone Developer";
				COPY_PHASE_STRIP = NO;
				ENABLE_STRICT_OBJC_MSGSEND = YES;
				ENABLE_TESTABILITY = YES;
				GCC_C_LANGUAGE_STANDARD = gnu99;
				GCC_DYNAMIC_NO_PIC = NO;
				GCC_OPTIMIZATION_LEVEL = 0;
				GCC_PREPROCESSOR_DEFINITIONS = (
					"DEBUG=1",
					"$(inherited)",
				);
				GCC_SYMBOLS_PRIVATE_EXTERN = NO;
				GCC_WARN_64_TO_32_BIT_CONVERSION = YES;
				GCC_WARN_ABOUT_RETURN_TYPE = YES_ERROR;
				GCC_WARN_UNDECLARED_SELECTOR = YES;
				GCC_WARN_UNINITIALIZED_AUTOS = YES_AGGRESSIVE;
				GCC_WARN_UNUSED_FUNCTION = YES;
				GCC_WARN_UNUSED_VARIABLE = YES;
				IPHONEOS_DEPLOYMENT_TARGET = 8.1;
				MTL_ENABLE_DEBUG_INFO = YES;
				ONLY_ACTIVE_ARCH = YES;
				SDKROOT = iphoneos;
				SWIFT_OPTIMIZATION_LEVEL = "-Onone";
				TARGETED_DEVICE_FAMILY = "1,2";
			};
			name = Debug;
		};
		4ABE67D81A520A16000024ED /* Release */ = {
			isa = XCBuildConfiguration;
			buildSettings = {
				ALWAYS_SEARCH_USER_PATHS = NO;
				CLANG_CXX_LANGUAGE_STANDARD = "gnu++0x";
				CLANG_CXX_LIBRARY = "libc++";
				CLANG_ENABLE_MODULES = YES;
				CLANG_ENABLE_OBJC_ARC = YES;
				CLANG_WARN_BOOL_CONVERSION = YES;
				CLANG_WARN_CONSTANT_CONVERSION = YES;
				CLANG_WARN_DIRECT_OBJC_ISA_USAGE = YES_ERROR;
				CLANG_WARN_EMPTY_BODY = YES;
				CLANG_WARN_ENUM_CONVERSION = YES;
				CLANG_WARN_INT_CONVERSION = YES;
				CLANG_WARN_OBJC_ROOT_CLASS = YES_ERROR;
				CLANG_WARN_UNREACHABLE_CODE = YES;
				CLANG_WARN__DUPLICATE_METHOD_MATCH = YES;
				"CODE_SIGN_IDENTITY[sdk=iphoneos*]" = "iPhone Developer";
				COPY_PHASE_STRIP = YES;
				ENABLE_NS_ASSERTIONS = NO;
				ENABLE_STRICT_OBJC_MSGSEND = YES;
				GCC_C_LANGUAGE_STANDARD = gnu99;
				GCC_WARN_64_TO_32_BIT_CONVERSION = YES;
				GCC_WARN_ABOUT_RETURN_TYPE = YES_ERROR;
				GCC_WARN_UNDECLARED_SELECTOR = YES;
				GCC_WARN_UNINITIALIZED_AUTOS = YES_AGGRESSIVE;
				GCC_WARN_UNUSED_FUNCTION = YES;
				GCC_WARN_UNUSED_VARIABLE = YES;
				IPHONEOS_DEPLOYMENT_TARGET = 8.1;
				MTL_ENABLE_DEBUG_INFO = NO;
				SDKROOT = iphoneos;
				TARGETED_DEVICE_FAMILY = "1,2";
				VALIDATE_PRODUCT = YES;
			};
			name = Release;
		};
		4ABE67DA1A520A16000024ED /* Debug */ = {
			isa = XCBuildConfiguration;
			buildSettings = {
				ASSETCATALOG_COMPILER_APPICON_NAME = AppIcon;
				CODE_SIGN_ENTITLEMENTS = RandomWorkout/RandomWorkout.entitlements;
				CODE_SIGN_IDENTITY = "iPhone Developer";
				"CODE_SIGN_IDENTITY[sdk=iphoneos*]" = "iPhone Developer";
				INFOPLIST_FILE = RandomWorkout/Info.plist;
				LD_RUNPATH_SEARCH_PATHS = "$(inherited) @executable_path/Frameworks";
				PRODUCT_BUNDLE_IDENTIFIER = "GinkgoTarsier.$(PRODUCT_NAME:rfc1034identifier)";
				PRODUCT_NAME = "$(TARGET_NAME)";
				PROVISIONING_PROFILE = "";
			};
			name = Debug;
		};
		4ABE67DB1A520A16000024ED /* Release */ = {
			isa = XCBuildConfiguration;
			buildSettings = {
				ASSETCATALOG_COMPILER_APPICON_NAME = AppIcon;
				CODE_SIGN_ENTITLEMENTS = RandomWorkout/RandomWorkout.entitlements;
				CODE_SIGN_IDENTITY = "iPhone Developer";
				"CODE_SIGN_IDENTITY[sdk=iphoneos*]" = "iPhone Developer";
				INFOPLIST_FILE = RandomWorkout/Info.plist;
				LD_RUNPATH_SEARCH_PATHS = "$(inherited) @executable_path/Frameworks";
				PRODUCT_BUNDLE_IDENTIFIER = "GinkgoTarsier.$(PRODUCT_NAME:rfc1034identifier)";
				PRODUCT_NAME = "$(TARGET_NAME)";
				PROVISIONING_PROFILE = "";
			};
			name = Release;
		};
		4ABE67DD1A520A16000024ED /* Debug */ = {
			isa = XCBuildConfiguration;
			buildSettings = {
				BUNDLE_LOADER = "$(TEST_HOST)";
				FRAMEWORK_SEARCH_PATHS = (
					"$(SDKROOT)/Developer/Library/Frameworks",
					"$(inherited)",
				);
				GCC_PREPROCESSOR_DEFINITIONS = (
					"DEBUG=1",
					"$(inherited)",
				);
				INFOPLIST_FILE = RandomWorkoutTests/Info.plist;
				LD_RUNPATH_SEARCH_PATHS = "$(inherited) @executable_path/Frameworks @loader_path/Frameworks";
				PRODUCT_BUNDLE_IDENTIFIER = "GinkgoTarsier.$(PRODUCT_NAME:rfc1034identifier)";
				PRODUCT_NAME = "$(TARGET_NAME)";
				TEST_HOST = "$(BUILT_PRODUCTS_DIR)/RandomWorkout.app/RandomWorkout";
			};
			name = Debug;
		};
		4ABE67DE1A520A16000024ED /* Release */ = {
			isa = XCBuildConfiguration;
			buildSettings = {
				BUNDLE_LOADER = "$(TEST_HOST)";
				FRAMEWORK_SEARCH_PATHS = (
					"$(SDKROOT)/Developer/Library/Frameworks",
					"$(inherited)",
				);
				INFOPLIST_FILE = RandomWorkoutTests/Info.plist;
				LD_RUNPATH_SEARCH_PATHS = "$(inherited) @executable_path/Frameworks @loader_path/Frameworks";
				PRODUCT_BUNDLE_IDENTIFIER = "GinkgoTarsier.$(PRODUCT_NAME:rfc1034identifier)";
				PRODUCT_NAME = "$(TARGET_NAME)";
				TEST_HOST = "$(BUILT_PRODUCTS_DIR)/RandomWorkout.app/RandomWorkout";
			};
			name = Release;
		};
/* End XCBuildConfiguration section */

/* Begin XCConfigurationList section */
		4A937F7B1D1178C000317984 /* Build configuration list for PBXNativeTarget "RandomWorkoutUITests" */ = {
			isa = XCConfigurationList;
			buildConfigurations = (
				4A937F7C1D1178C000317984 /* Debug */,
				4A937F7D1D1178C000317984 /* Release */,
			);
			defaultConfigurationIsVisible = 0;
			defaultConfigurationName = Release;
		};
		4ABE67B31A520A16000024ED /* Build configuration list for PBXProject "RandomWorkout" */ = {
			isa = XCConfigurationList;
			buildConfigurations = (
				4ABE67D71A520A16000024ED /* Debug */,
				4ABE67D81A520A16000024ED /* Release */,
			);
			defaultConfigurationIsVisible = 0;
			defaultConfigurationName = Release;
		};
		4ABE67D91A520A16000024ED /* Build configuration list for PBXNativeTarget "RandomWorkout" */ = {
			isa = XCConfigurationList;
			buildConfigurations = (
				4ABE67DA1A520A16000024ED /* Debug */,
				4ABE67DB1A520A16000024ED /* Release */,
			);
			defaultConfigurationIsVisible = 0;
			defaultConfigurationName = Release;
		};
		4ABE67DC1A520A16000024ED /* Build configuration list for PBXNativeTarget "RandomWorkoutTests" */ = {
			isa = XCConfigurationList;
			buildConfigurations = (
				4ABE67DD1A520A16000024ED /* Debug */,
				4ABE67DE1A520A16000024ED /* Release */,
			);
			defaultConfigurationIsVisible = 0;
			defaultConfigurationName = Release;
		};
/* End XCConfigurationList section */
	};
	rootObject = 4ABE67B01A520A16000024ED /* Project object */;
}
